
Microsoft Visual Studio Solution File, Format Version 12.00
# Visual Studio Version 17
VisualStudioVersion = 17.10.35013.160
MinimumVisualStudioVersion = 10.0.40219.1
Project("{FAE04EC0-301F-11D3-BF4B-00C04F79EFBC}") = "EasyInventory", "EasyInventory\EasyInventory.csproj", "{4BCA2EFE-3896-432B-85FF-7A95CEBDEDE4}"
EndProject
Global
	GlobalSection(SolutionConfigurationPlatforms) = preSolution
		Debug|Any CPU = Debug|Any CPU
		Release|Any CPU = Release|Any CPU
	EndGlobalSection
	GlobalSection(ProjectConfigurationPlatforms) = postSolution
		{4BCA2EFE-3896-432B-85FF-7A95CEBDEDE4}.Debug|Any CPU.ActiveCfg = Debug|Any CPU
		{4BCA2EFE-3896-432B-85FF-7A95CEBDEDE4}.Debug|Any CPU.Build.0 = Debug|Any CPU
		{4BCA2EFE-3896-432B-85FF-7A95CEBDEDE4}.Release|Any CPU.ActiveCfg = Release|Any CPU
		{4BCA2EFE-3896-432B-85FF-7A95CEBDEDE4}.Release|Any CPU.Build.0 = Release|Any CPU
	EndGlobalSection
	GlobalSection(SolutionProperties) = preSolution
		HideSolutionNode = FALSE
	EndGlobalSection
	GlobalSection(ExtensibilityGlobals) = postSolution
		SolutionGuid = {C5E49049-F56F-4BBD-8057-75A12C962863}
	EndGlobalSection
EndGlobal
